
Microsoft Visual Studio Solution File, Format Version 12.00
# Visual Studio Version 17
VisualStudioVersion = 17.5.33414.496
MinimumVisualStudioVersion = 10.0.40219.1
Project("{A3061986-218F-483F-A495-4FD7C6A4062B}") = "erebuskm", "erebuskm.vkrnlproj", "{2C26E2CA-0048-4EA6-BB58-216341C8125F}"
EndProject
Project("{A3061986-218F-483F-A495-4FD7C6A4062B}") = "KernelRelease", "S:\_LINUX_SYMBOLS_\5.10.0-28-amd64_0.kernel\KernelRelease.vkrnlrelease", "{94513871-39F4-41FC-83D8-3C881467E192}"
EndProject
Project("{2150E333-8FDC-42A3-9474-1A3956D46DE8}") = "Solution Items", "Solution Items", "{6F3336BA-5B56-4466-8FDC-7377CA083334}"
	ProjectSection(SolutionItems) = preProject
		.editorconfig = .editorconfig
	EndProjectSection
EndProject
Global
	GlobalSection(SolutionConfigurationPlatforms) = preSolution
		Default|VisualKernel = Default|VisualKernel
	EndGlobalSection
	GlobalSection(ProjectConfigurationPlatforms) = postSolution
		{2C26E2CA-0048-4EA6-BB58-216341C8125F}.Default|VisualKernel.ActiveCfg = Default|VisualKernel
		{2C26E2CA-0048-4EA6-BB58-216341C8125F}.Default|VisualKernel.Build.0 = Default|VisualKernel
		{94513871-39F4-41FC-83D8-3C881467E192}.Default|VisualKernel.ActiveCfg = Default|VisualKernel
		{94513871-39F4-41FC-83D8-3C881467E192}.Default|VisualKernel.Build.0 = Default|VisualKernel
	EndGlobalSection
	GlobalSection(SolutionProperties) = preSolution
		HideSolutionNode = FALSE
	EndGlobalSection
	GlobalSection(ExtensibilityGlobals) = postSolution
		SolutionGuid = {B7B8789E-DD32-4AD8-8B21-B0DA76BF5DAC}
	EndGlobalSection
EndGlobal
